
Microsoft Visual Studio Solution File, Format Version 12.00
# Visual Studio Version 17
VisualStudioVersion = 17.3.32929.385
MinimumVisualStudioVersion = 10.0.40219.1
Project("{9A19103F-16F7-4668-BE54-9A1E7A4F7556}") = "Project", "Project\Project.csproj", "{A1141351-7CED-4525-9B25-88242AB3A2D5}"
EndProject
Project("{54A90642-561A-4BB1-A94E-469ADEE60C69}") = "frontend", "frontend\frontend.esproj", "{09AFA50B-92A5-40BC-AE24-214433075FAA}"
EndProject
Global
	GlobalSection(SolutionConfigurationPlatforms) = preSolution
		Debug|Any CPU = Debug|Any CPU
		Release|Any CPU = Release|Any CPU
	EndGlobalSection
	GlobalSection(ProjectConfigurationPlatforms) = postSolution
		{A1141351-7CED-4525-9B25-88242AB3A2D5}.Debug|Any CPU.ActiveCfg = Debug|Any CPU
		{A1141351-7CED-4525-9B25-88242AB3A2D5}.Debug|Any CPU.Build.0 = Debug|Any CPU
		{A1141351-7CED-4525-9B25-88242AB3A2D5}.Release|Any CPU.ActiveCfg = Release|Any CPU
		{A1141351-7CED-4525-9B25-88242AB3A2D5}.Release|Any CPU.Build.0 = Release|Any CPU
		{09AFA50B-92A5-40BC-AE24-214433075FAA}.Debug|Any CPU.ActiveCfg = Debug|Any CPU
		{09AFA50B-92A5-40BC-AE24-214433075FAA}.Debug|Any CPU.Build.0 = Debug|Any CPU
		{09AFA50B-92A5-40BC-AE24-214433075FAA}.Debug|Any CPU.Deploy.0 = Debug|Any CPU
		{09AFA50B-92A5-40BC-AE24-214433075FAA}.Release|Any CPU.ActiveCfg = Release|Any CPU
		{09AFA50B-92A5-40BC-AE24-214433075FAA}.Release|Any CPU.Build.0 = Release|Any CPU
		{09AFA50B-92A5-40BC-AE24-214433075FAA}.Release|Any CPU.Deploy.0 = Release|Any CPU
	EndGlobalSection
	GlobalSection(SolutionProperties) = preSolution
		HideSolutionNode = FALSE
	EndGlobalSection
	GlobalSection(ExtensibilityGlobals) = postSolution
		SolutionGuid = {4FAC83E3-572D-4BF5-ACF4-19B0FFFB572A}
	EndGlobalSection
EndGlobal
